
Microsoft Visual Studio Solution File, Format Version 12.00
# Visual Studio Version 16
VisualStudioVersion = 16.0.29521.150
MinimumVisualStudioVersion = 10.0.40219.1
Project("{9A19103F-16F7-4668-BE54-9A1E7A4F7556}") = "Pluma.DNASequenceGenerator", "Pluma.DNASequenceGenerator\Pluma.DNASequenceGenerator.csproj", "{61266649-27CF-4F30-9D83-A3BD3AB2AEC6}"
EndProject
Project("{9A19103F-16F7-4668-BE54-9A1E7A4F7556}") = "Pluma.DNASequenceGenerator.Core", "Pluma.DNASequenceGenerator.Core\Pluma.DNASequenceGenerator.Core.csproj", "{4D253A29-BBCC-4DC4-A4E9-63DC7920F524}"
EndProject
Global
	GlobalSection(SolutionConfigurationPlatforms) = preSolution
		Debug|Any CPU = Debug|Any CPU
		Release|Any CPU = Release|Any CPU
	EndGlobalSection
	GlobalSection(ProjectConfigurationPlatforms) = postSolution
		{61266649-27CF-4F30-9D83-A3BD3AB2AEC6}.Debug|Any CPU.ActiveCfg = Debug|Any CPU
		{61266649-27CF-4F30-9D83-A3BD3AB2AEC6}.Debug|Any CPU.Build.0 = Debug|Any CPU
		{61266649-27CF-4F30-9D83-A3BD3AB2AEC6}.Release|Any CPU.ActiveCfg = Release|Any CPU
		{61266649-27CF-4F30-9D83-A3BD3AB2AEC6}.Release|Any CPU.Build.0 = Release|Any CPU
		{4D253A29-BBCC-4DC4-A4E9-63DC7920F524}.Debug|Any CPU.ActiveCfg = Debug|Any CPU
		{4D253A29-BBCC-4DC4-A4E9-63DC7920F524}.Debug|Any CPU.Build.0 = Debug|Any CPU
		{4D253A29-BBCC-4DC4-A4E9-63DC7920F524}.Release|Any CPU.ActiveCfg = Release|Any CPU
		{4D253A29-BBCC-4DC4-A4E9-63DC7920F524}.Release|Any CPU.Build.0 = Release|Any CPU
	EndGlobalSection
	GlobalSection(SolutionProperties) = preSolution
		HideSolutionNode = FALSE
	EndGlobalSection
	GlobalSection(ExtensibilityGlobals) = postSolution
		SolutionGuid = {C89E5BC6-92BB-4BC5-AE61-56EAF1AAF605}
	EndGlobalSection
EndGlobal
